
Microsoft Visual Studio Solution File, Format Version 12.00
# Visual Studio Version 16
VisualStudioVersion = 16.0.30611.23
MinimumVisualStudioVersion = 10.0.40219.1
Project("{FAE04EC0-301F-11D3-BF4B-00C04F79EFBC}") = "SingletonProject", "SingletonProject\SingletonProject.csproj", "{8506DF2E-B3DE-44CD-8713-1167144F35AB}"
EndProject
Global
	GlobalSection(SolutionConfigurationPlatforms) = preSolution
		Debug|Any CPU = Debug|Any CPU
		Release|Any CPU = Release|Any CPU
	EndGlobalSection
	GlobalSection(ProjectConfigurationPlatforms) = postSolution
		{8506DF2E-B3DE-44CD-8713-1167144F35AB}.Debug|Any CPU.ActiveCfg = Debug|Any CPU
		{8506DF2E-B3DE-44CD-8713-1167144F35AB}.Debug|Any CPU.Build.0 = Debug|Any CPU
		{8506DF2E-B3DE-44CD-8713-1167144F35AB}.Release|Any CPU.ActiveCfg = Release|Any CPU
		{8506DF2E-B3DE-44CD-8713-1167144F35AB}.Release|Any CPU.Build.0 = Release|Any CPU
	EndGlobalSection
	GlobalSection(SolutionProperties) = preSolution
		HideSolutionNode = FALSE
	EndGlobalSection
	GlobalSection(ExtensibilityGlobals) = postSolution
		SolutionGuid = {3BC046C9-0F69-42D0-B218-329343A165D1}
	EndGlobalSection
EndGlobal
